
Microsoft Visual Studio Solution File, Format Version 12.00
# Visual Studio Version 17
VisualStudioVersion = 17.11.35219.272
MinimumVisualStudioVersion = 10.0.40219.1
Project("{FAE04EC0-301F-11D3-BF4B-00C04F79EFBC}") = "store_desktop_app", "store_desktop_app.csproj", "{C6E032B0-12C3-4D74-A508-C6698031EED9}"
EndProject
Global
	GlobalSection(SolutionConfigurationPlatforms) = preSolution
		Debug|Any CPU = Debug|Any CPU
		Release|Any CPU = Release|Any CPU
	EndGlobalSection
	GlobalSection(ProjectConfigurationPlatforms) = postSolution
		{C6E032B0-12C3-4D74-A508-C6698031EED9}.Debug|Any CPU.ActiveCfg = Debug|Any CPU
		{C6E032B0-12C3-4D74-A508-C6698031EED9}.Debug|Any CPU.Build.0 = Debug|Any CPU
		{C6E032B0-12C3-4D74-A508-C6698031EED9}.Release|Any CPU.ActiveCfg = Release|Any CPU
		{C6E032B0-12C3-4D74-A508-C6698031EED9}.Release|Any CPU.Build.0 = Release|Any CPU
	EndGlobalSection
	GlobalSection(SolutionProperties) = preSolution
		HideSolutionNode = FALSE
	EndGlobalSection
	GlobalSection(ExtensibilityGlobals) = postSolution
		SolutionGuid = {6DB5341C-907A-428F-91A2-71FE9085D7C8}
	EndGlobalSection
EndGlobal
